// !$*UTF8*$!
{
	archiveVersion = 1;
	classes = {
	};
	objectVersion = 48;
	objects = {

/* Begin PBXBuildFile section */
		D0E57F8E2026B45200B11B1D /* AppDelegate.swift in Sources */ = {isa = PBXBuildFile; fileRef = D0E57F8D2026B45200B11B1D /* AppDelegate.swift */; };
		D0E57F902026B45200B11B1D /* ViewController.swift in Sources */ = {isa = PBXBuildFile; fileRef = D0E57F8F2026B45200B11B1D /* ViewController.swift */; };
		D0E57F932026B45200B11B1D /* Main.storyboard in Resources */ = {isa = PBXBuildFile; fileRef = D0E57F912026B45200B11B1D /* Main.storyboard */; };
		D0E57F952026B45200B11B1D /* Assets.xcassets in Resources */ = {isa = PBXBuildFile; fileRef = D0E57F942026B45200B11B1D /* Assets.xcassets */; };
		D0E57F982026B45200B11B1D /* LaunchScreen.storyboard in Resources */ = {isa = PBXBuildFile; fileRef = D0E57F962026B45200B11B1D /* LaunchScreen.storyboard */; };
		D0E57FA22026B5BB00B11B1D /* FirstViewController.swift in Sources */ = {isa = PBXBuildFile; fileRef = D0E57FA12026B5BB00B11B1D /* FirstViewController.swift */; };
		D0E57FA42026B5D900B11B1D /* SecondViewController.swift in Sources */ = {isa = PBXBuildFile; fileRef = D0E57FA32026B5D900B11B1D /* SecondViewController.swift */; };
/* End PBXBuildFile section */

/* Begin PBXFileReference section */
		D0E57F8A2026B45200B11B1D /* Dependency Injection Example.app */ = {isa = PBXFileReference; explicitFileType = wrapper.application; includeInIndex = 0; path = "Dependency Injection Example.app"; sourceTree = BUILT_PRODUCTS_DIR; };
		D0E57F8D2026B45200B11B1D /* AppDelegate.swift */ = {isa = PBXFileReference; lastKnownFileType = sourcecode.swift; path = AppDelegate.swift; sourceTree = "<group>"; };
		D0E57F8F2026B45200B11B1D /* ViewController.swift */ = {isa = PBXFileReference; lastKnownFileType = sourcecode.swift; path = ViewController.swift; sourceTree = "<group>"; };
		D0E57F922026B45200B11B1D /* Base */ = {isa = PBXFileReference; lastKnownFileType = file.storyboard; name = Base; path = Base.lproj/Main.storyboard; sourceTree = "<group>"; };
		D0E57F942026B45200B11B1D /* Assets.xcassets */ = {isa = PBXFileReference; lastKnownFileType = folder.assetcatalog; path = Assets.xcassets; sourceTree = "<group>"; };
		D0E57F972026B45200B11B1D /* Base */ = {isa = PBXFileReference; lastKnownFileType = file.storyboard; name = Base; path = Base.lproj/LaunchScreen.storyboard; sourceTree = "<group>"; };
		D0E57F992026B45200B11B1D /* Info.plist */ = {isa = PBXFileReference; lastKnownFileType = text.plist.xml; path = Info.plist; sourceTree = "<group>"; };
		D0E57FA12026B5BB00B11B1D /* FirstViewController.swift */ = {isa = PBXFileReference; lastKnownFileType = sourcecode.swift; path = FirstViewController.swift; sourceTree = "<group>"; };
		D0E57FA32026B5D900B11B1D /* SecondViewController.swift */ = {isa = PBXFileReference; lastKnownFileType = sourcecode.swift; path = SecondViewController.swift; sourceTree = "<group>"; };
/* End PBXFileReference section */

/* Begin PBXFrameworksBuildPhase section */
		D0E57F872026B45200B11B1D /* Frameworks */ = {
			isa = PBXFrameworksBuildPhase;
			buildActionMask = 2147483647;
			files = (
			);
			runOnlyForDeploymentPostprocessing = 0;
		};
/* End PBXFrameworksBuildPhase section */

/* Begin PBXGroup section */
		D0E57F812026B45200B11B1D = {
			isa = PBXGroup;
			children = (
				D0E57F8C2026B45200B11B1D /* Dependency Injection Example */,
				D0E57F8B2026B45200B11B1D /* Products */,
			);
			sourceTree = "<group>";
		};
		D0E57F8B2026B45200B11B1D /* Products */ = {
			isa = PBXGroup;
			children = (
				D0E57F8A2026B45200B11B1D /* Dependency Injection Example.app */,
			);
			name = Products;
			sourceTree = "<group>";
		};
		D0E57F8C2026B45200B11B1D /* Dependency Injection Example */ = {
			isa = PBXGroup;
			children = (
				D0E57FA02026B58200B11B1D /* Storyboards */,
				D0E57F9F2026B57300B11B1D /* ViewControllers */,
				D0E57F8D2026B45200B11B1D /* AppDelegate.swift */,
				D0E57F8F2026B45200B11B1D /* ViewController.swift */,
				D0E57F942026B45200B11B1D /* Assets.xcassets */,
				D0E57F962026B45200B11B1D /* LaunchScreen.storyboard */,
				D0E57F992026B45200B11B1D /* Info.plist */,
			);
			path = "Dependency Injection Example";
			sourceTree = "<group>";
		};
		D0E57F9F2026B57300B11B1D /* ViewControllers */ = {
			isa = PBXGroup;
			children = (
				D0E57FA12026B5BB00B11B1D /* FirstViewController.swift */,
				D0E57FA32026B5D900B11B1D /* SecondViewController.swift */,
			);
			path = ViewControllers;
			sourceTree = "<group>";
		};
		D0E57FA02026B58200B11B1D /* Storyboards */ = {
			isa = PBXGroup;
			children = (
				D0E57F912026B45200B11B1D /* Main.storyboard */,
			);
			path = Storyboards;
			sourceTree = "<group>";
		};
/* End PBXGroup section */

/* Begin PBXNativeTarget section */
		D0E57F892026B45200B11B1D /* Dependency Injection Example */ = {
			isa = PBXNativeTarget;
			buildConfigurationList = D0E57F9C2026B45200B11B1D /* Build configuration list for PBXNativeTarget "Dependency Injection Example" */;
			buildPhases = (
				D0E57F862026B45200B11B1D /* Sources */,
				D0E57F872026B45200B11B1D /* Frameworks */,
				D0E57F882026B45200B11B1D /* Resources */,
			);
			buildRules = (
			);
			dependencies = (
			);
			name = "Dependency Injection Example";
			productName = "Dependency Injection Example";
			productReference = D0E57F8A2026B45200B11B1D /* Dependency Injection Example.app */;
			productType = "com.apple.product-type.application";
		};
/* End PBXNativeTarget section */

/* Begin PBXProject section */
		D0E57F822026B45200B11B1D /* Project object */ = {
			isa = PBXProject;
			attributes = {
				LastSwiftUpdateCheck = 0920;
				LastUpgradeCheck = 0920;
				ORGANIZATIONNAME = "Peter Witham";
				TargetAttributes = {
					D0E57F892026B45200B11B1D = {
						CreatedOnToolsVersion = 9.2;
						ProvisioningStyle = Automatic;
					};
				};
			};
			buildConfigurationList = D0E57F852026B45200B11B1D /* Build configuration list for PBXProject "Dependency Injection Example" */;
			compatibilityVersion = "Xcode 8.0";
			developmentRegion = en;
			hasScannedForEncodings = 0;
			knownRegions = (
				en,
				Base,
			);
			mainGroup = D0E57F812026B45200B11B1D;
			productRefGroup = D0E57F8B2026B45200B11B1D /* Products */;
			projectDirPath = "";
			projectRoot = "";
			targets = (
				D0E57F892026B45200B11B1D /* Dependency Injection Example */,
			);
		};
/* End PBXProject section */

/* Begin PBXResourcesBuildPhase section */
		D0E57F882026B45200B11B1D /* Resources */ = {
			isa = PBXResourcesBuildPhase;
			buildActionMask = 2147483647;
			files = (
				D0E57F982026B45200B11B1D /* LaunchScreen.storyboard in Resources */,
				D0E57F952026B45200B11B1D /* Assets.xcassets in Resources */,
				D0E57F932026B45200B11B1D /* Main.storyboard in Resources */,
			);
			runOnlyForDeploymentPostprocessing = 0;
		};
/* End PBXResourcesBuildPhase section */

/* Begin PBXSourcesBuildPhase section */
		D0E57F862026B45200B11B1D /* Sources */ = {
			isa = PBXSourcesBuildPhase;
			buildActionMask = 2147483647;
			files = (
				D0E57FA42026B5D900B11B1D /* SecondViewController.swift in Sources */,
				D0E57FA22026B5BB00B11B1D /* FirstViewController.swift in Sources */,
				D0E57F902026B45200B11B1D /* ViewController.swift in Sources */,
				D0E57F8E2026B45200B11B1D /* AppDelegate.swift in Sources */,
			);
			runOnlyForDeploymentPostprocessing = 0;
		};
/* End PBXSourcesBuildPhase section */

/* Begin PBXVariantGroup section */
		D0E57F912026B45200B11B1D /* Main.storyboard */ = {
			isa = PBXVariantGroup;
			children = (
				D0E57F922026B45200B11B1D /* Base */,
			);
			name = Main.storyboard;
			sourceTree = "<group>";
		};
		D0E57F962026B45200B11B1D /* LaunchScreen.storyboard */ = {
			isa = PBXVariantGroup;
			children = (
				D0E57F972026B45200B11B1D /* Base */,
			);
			name = LaunchScreen.storyboard;
			sourceTree = "<group>";
		};
/* End PBXVariantGroup section */

/* Begin XCBuildConfiguration section */
		D0E57F9A2026B45200B11B1D /* Debug */ = {
			isa = XCBuildConfiguration;
			buildSettings = {
				ALWAYS_SEARCH_USER_PATHS = NO;
				CLANG_ANALYZER_NONNULL = YES;
				CLANG_ANALYZER_NUMBER_OBJECT_CONVERSION = YES_AGGRESSIVE;
				CLANG_CXX_LANGUAGE_STANDARD = "gnu++14";
				CLANG_CXX_LIBRARY = "libc++";
				CLANG_ENABLE_MODULES = YES;
				CLANG_ENABLE_OBJC_ARC = YES;
				CLANG_WARN_BLOCK_CAPTURE_AUTORELEASING = YES;
				CLANG_WARN_BOOL_CONVERSION = YES;
				CLANG_WARN_COMMA = YES;
				CLANG_WARN_CONSTANT_CONVERSION = YES;
				CLANG_WARN_DIRECT_OBJC_ISA_USAGE = YES_ERROR;
				CLANG_WARN_DOCUMENTATION_COMMENTS = YES;
				CLANG_WARN_EMPTY_BODY = YES;
				CLANG_WARN_ENUM_CONVERSION = YES;
				CLANG_WARN_INFINITE_RECURSION = YES;
				CLANG_WARN_INT_CONVERSION = YES;
				CLANG_WARN_NON_LITERAL_NULL_CONVERSION = YES;
				CLANG_WARN_OBJC_LITERAL_CONVERSION = YES;
				CLANG_WARN_OBJC_ROOT_CLASS = YES_ERROR;
				CLANG_WARN_RANGE_LOOP_ANALYSIS = YES;
				CLANG_WARN_STRICT_PROTOTYPES = YES;
				CLANG_WARN_SUSPICIOUS_MOVE = YES;
				CLANG_WARN_UNGUARDED_AVAILABILITY = YES_AGGRESSIVE;
				CLANG_WARN_UNREACHABLE_CODE = YES;
				CLANG_WARN__DUPLICATE_METHOD_MATCH = YES;
				CODE_SIGN_IDENTITY = "iPhone Developer";
				COPY_PHASE_STRIP = NO;
				DEBUG_INFORMATION_FORMAT = dwarf;
				ENABLE_STRICT_OBJC_MSGSEND = YES;
				ENABLE_TESTABILITY = YES;
				GCC_C_LANGUAGE_STANDARD = gnu11;
				GCC_DYNAMIC_NO_PIC = NO;
				GCC_NO_COMMON_BLOCKS = YES;
				GCC_OPTIMIZATION_LEVEL = 0;
				GCC_PREPROCESSOR_DEFINITIONS = (
					"DEBUG=1",
					"$(inherited)",
				);
				GCC_WARN_64_TO_32_BIT_CONVERSION = YES;
				GCC_WARN_ABOUT_RETURN_TYPE = YES_ERROR;
				GCC_WARN_UNDECLARED_SELECTOR = YES;
				GCC_WARN_UNINITIALIZED_AUTOS = YES_AGGRESSIVE;
				GCC_WARN_UNUSED_FUNCTION = YES;
				GCC_WARN_UNUSED_VARIABLE = YES;
				IPHONEOS_DEPLOYMENT_TARGET = 11.2;
				MTL_ENABLE_DEBUG_INFO = YES;
				ONLY_ACTIVE_ARCH = YES;
				SDKROOT = iphoneos;
				SWIFT_ACTIVE_COMPILATION_CONDITIONS = DEBUG;
				SWIFT_OPTIMIZATION_LEVEL = "-Onone";
			};
			name = Debug;
		};
		D0E57F9B2026B45200B11B1D /* Release */ = {
			isa = XCBuildConfiguration;
			buildSettings = {
				ALWAYS_SEARCH_USER_PATHS = NO;
				CLANG_ANALYZER_NONNULL = YES;
				CLANG_ANALYZER_NUMBER_OBJECT_CONVERSION = YES_AGGRESSIVE;
				CLANG_CXX_LANGUAGE_STANDARD = "gnu++14";
				CLANG_CXX_LIBRARY = "libc++";
				CLANG_ENABLE_MODULES = YES;
				CLANG_ENABLE_OBJC_ARC = YES;
				CLANG_WARN_BLOCK_CAPTURE_AUTORELEASING = YES;
				CLANG_WARN_BOOL_CONVERSION = YES;
				CLANG_WARN_COMMA = YES;
				CLANG_WARN_CONSTANT_CONVERSION = YES;
				CLANG_WARN_DIRECT_OBJC_ISA_USAGE = YES_ERROR;
				CLANG_WARN_DOCUMENTATION_COMMENTS = YES;
				CLANG_WARN_EMPTY_BODY = YES;
				CLANG_WARN_ENUM_CONVERSION = YES;
				CLANG_WARN_INFINITE_RECURSION = YES;
				CLANG_WARN_INT_CONVERSION = YES;
				CLANG_WARN_NON_LITERAL_NULL_CONVERSION = YES;
				CLANG_WARN_OBJC_LITERAL_CONVERSION = YES;
				CLANG_WARN_OBJC_ROOT_CLASS = YES_ERROR;
				CLANG_WARN_RANGE_LOOP_ANALYSIS = YES;
				CLANG_WARN_STRICT_PROTOTYPES = YES;
				CLANG_WARN_SUSPICIOUS_MOVE = YES;
				CLANG_WARN_UNGUARDED_AVAILABILITY = YES_AGGRESSIVE;
				CLANG_WARN_UNREACHABLE_CODE = YES;
				CLANG_WARN__DUPLICATE_METHOD_MATCH = YES;
				CODE_SIGN_IDENTITY = "iPhone Developer";
				COPY_PHASE_STRIP = NO;
				DEBUG_INFORMATION_FORMAT = "dwarf-with-dsym";
				ENABLE_NS_ASSERTIONS = NO;
				ENABLE_STRICT_OBJC_MSGSEND = YES;
				GCC_C_LANGUAGE_STANDARD = gnu11;
				GCC_NO_COMMON_BLOCKS = YES;
				GCC_WARN_64_TO_32_BIT_CONVERSION = YES;
				GCC_WARN_ABOUT_RETURN_TYPE = YES_ERROR;
				GCC_WARN_UNDECLARED_SELECTOR = YES;
				GCC_WARN_UNINITIALIZED_AUTOS = YES_AGGRESSIVE;
				GCC_WARN_UNUSED_FUNCTION = YES;
				GCC_WARN_UNUSED_VARIABLE = YES;
				IPHONEOS_DEPLOYMENT_TARGET = 11.2;
				MTL_ENABLE_DEBUG_INFO = NO;
				SDKROOT = iphoneos;
				SWIFT_OPTIMIZATION_LEVEL = "-Owholemodule";
				VALIDATE_PRODUCT = YES;
			};
			name = Release;
		};
		D0E57F9D2026B45200B11B1D /* Debug */ = {
			isa = XCBuildConfiguration;
			buildSettings = {
				ASSETCATALOG_COMPILER_APPICON_NAME = AppIcon;
				CODE_SIGN_STYLE = Automatic;
				DEVELOPMENT_TEAM = 93BM64U6PG;
				INFOPLIST_FILE = "Dependency Injection Example/Info.plist";
				LD_RUNPATH_SEARCH_PATHS = "$(inherited) @executable_path/Frameworks";
				PRODUCT_BUNDLE_IDENTIFIER = "com.peterwitham.Dependency-Injection-Example";
				PRODUCT_NAME = "$(TARGET_NAME)";
				SWIFT_VERSION = 4.0;
				TARGETED_DEVICE_FAMILY = "1,2";
			};
			name = Debug;
		};
		D0E57F9E2026B45200B11B1D /* Release */ = {
			isa = XCBuildConfiguration;
			buildSettings = {
				ASSETCATALOG_COMPILER_APPICON_NAME = AppIcon;
				CODE_SIGN_STYLE = Automatic;
				DEVELOPMENT_TEAM = 93BM64U6PG;
				INFOPLIST_FILE = "Dependency Injection Example/Info.plist";
				LD_RUNPATH_SEARCH_PATHS = "$(inherited) @executable_path/Frameworks";
				PRODUCT_BUNDLE_IDENTIFIER = "com.peterwitham.Dependency-Injection-Example";
				PRODUCT_NAME = "$(TARGET_NAME)";
				SWIFT_VERSION = 4.0;
				TARGETED_DEVICE_FAMILY = "1,2";
			};
			name = Release;
		};
/* End XCBuildConfiguration section */

/* Begin XCConfigurationList section */
		D0E57F852026B45200B11B1D /* Build configuration list for PBXProject "Dependency Injection Example" */ = {
			isa = XCConfigurationList;
			buildConfigurations = (
				D0E57F9A2026B45200B11B1D /* Debug */,
				D0E57F9B2026B45200B11B1D /* Release */,
			);
			defaultConfigurationIsVisible = 0;
			defaultConfigurationName = Release;
		};
		D0E57F9C2026B45200B11B1D /* Build configuration list for PBXNativeTarget "Dependency Injection Example" */ = {
			isa = XCConfigurationList;
			buildConfigurations = (
				D0E57F9D2026B45200B11B1D /* Debug */,
				D0E57F9E2026B45200B11B1D /* Release */,
			);
			defaultConfigurationIsVisible = 0;
			defaultConfigurationName = Release;
		};
/* End XCConfigurationList section */
	};
	rootObject = D0E57F822026B45200B11B1D /* Project object */;
}
